
Microsoft Visual Studio Solution File, Format Version 12.00
# Visual Studio Version 16
VisualStudioVersion = 16.0.28803.352
MinimumVisualStudioVersion = 10.0.40219.1
Project("{FAE04EC0-301F-11D3-BF4B-00C04F79EFBC}") = "RepoManager", "RepoManager.csproj", "{C9B87FDA-A395-4B12-90AF-E634D8A1CB7F}"
EndProject
Project("{FAE04EC0-301F-11D3-BF4B-00C04F79EFBC}") = "NugetManagement", "NugetManagement\NugetManagement.csproj", "{9D59C95B-2EEA-4EB9-83A5-5123530869EC}"
EndProject
Global
	GlobalSection(SolutionConfigurationPlatforms) = preSolution
		Debug|Any CPU = Debug|Any CPU
		Debug|x64 = Debug|x64
		Release|Any CPU = Release|Any CPU
		Release|x64 = Release|x64
	EndGlobalSection
	GlobalSection(ProjectConfigurationPlatforms) = postSolution
		{C9B87FDA-A395-4B12-90AF-E634D8A1CB7F}.Debug|Any CPU.ActiveCfg = Debug|Any CPU
		{C9B87FDA-A395-4B12-90AF-E634D8A1CB7F}.Debug|Any CPU.Build.0 = Debug|Any CPU
		{C9B87FDA-A395-4B12-90AF-E634D8A1CB7F}.Debug|x64.ActiveCfg = Debug|x64
		{C9B87FDA-A395-4B12-90AF-E634D8A1CB7F}.Debug|x64.Build.0 = Debug|x64
		{C9B87FDA-A395-4B12-90AF-E634D8A1CB7F}.Release|Any CPU.ActiveCfg = Release|Any CPU
		{C9B87FDA-A395-4B12-90AF-E634D8A1CB7F}.Release|Any CPU.Build.0 = Release|Any CPU
		{C9B87FDA-A395-4B12-90AF-E634D8A1CB7F}.Release|x64.ActiveCfg = Release|x64
		{C9B87FDA-A395-4B12-90AF-E634D8A1CB7F}.Release|x64.Build.0 = Release|x64
		{9D59C95B-2EEA-4EB9-83A5-5123530869EC}.Debug|Any CPU.ActiveCfg = Debug|Any CPU
		{9D59C95B-2EEA-4EB9-83A5-5123530869EC}.Debug|Any CPU.Build.0 = Debug|Any CPU
		{9D59C95B-2EEA-4EB9-83A5-5123530869EC}.Debug|x64.ActiveCfg = Debug|Any CPU
		{9D59C95B-2EEA-4EB9-83A5-5123530869EC}.Debug|x64.Build.0 = Debug|Any CPU
		{9D59C95B-2EEA-4EB9-83A5-5123530869EC}.Release|Any CPU.ActiveCfg = Release|Any CPU
		{9D59C95B-2EEA-4EB9-83A5-5123530869EC}.Release|Any CPU.Build.0 = Release|Any CPU
		{9D59C95B-2EEA-4EB9-83A5-5123530869EC}.Release|x64.ActiveCfg = Release|Any CPU
		{9D59C95B-2EEA-4EB9-83A5-5123530869EC}.Release|x64.Build.0 = Release|Any CPU
	EndGlobalSection
	GlobalSection(SolutionProperties) = preSolution
		HideSolutionNode = FALSE
	EndGlobalSection
	GlobalSection(ExtensibilityGlobals) = postSolution
		SolutionGuid = {C5CAC110-187E-4B51-BFB4-AB477668A843}
	EndGlobalSection
EndGlobal
